{
  "name": "astricon-demo",
  "version": "0.1.0",
  "lockfileVersion": 1,
  "requires": true,
  "dependencies": {
    "@types/graphql": {
      "version": "0.9.4",
      "resolved": "https://registry.npmjs.org/@types/graphql/-/graphql-0.9.4.tgz",
      "integrity": "sha512-ob2dps4itT/Le5DbxjssBXtBnloDIRUbkgtAvaB42mJ8pVIWMRuURD9WjnhaEGZ4Ql/EryXMQWeU8Y0EU73QLw==",
      "optional": true
    },
    "ari-client": {
      "version": "1.1.1",
      "resolved": "https://registry.npmjs.org/ari-client/-/ari-client-1.1.1.tgz",
      "integrity": "sha1-1vPwI5SvCJEKAzpzZpHf56wGFII=",
      "requires": {
        "backoff-func": "0.1.2",
        "bluebird": "2.11.0",
        "swagger-client": "2.0.26",
        "underscore": "1.8.3",
        "uuid": "3.1.0",
        "ws": "1.1.4"
      }
    },
    "ax": {
      "version": "0.1.8",
      "resolved": "https://registry.npmjs.org/ax/-/ax-0.1.8.tgz",
      "integrity": "sha1-J8qac/pMeKR41i2CfK2GCiT91Jc="
    },
    "backoff-func": {
      "version": "0.1.2",
      "resolved": "https://registry.npmjs.org/backoff-func/-/backoff-func-0.1.2.tgz",
      "integrity": "sha1-VMP64rreWHI0utXbh+NBLJ+ph4M="
    },
    "bluebird": {
      "version": "2.11.0",
      "resolved": "https://registry.npmjs.org/bluebird/-/bluebird-2.11.0.tgz",
      "integrity": "sha1-U0uQM8AiyVecVro7Plpcqvu2UOE="
    },
    "btoa": {
      "version": "1.1.1",
      "resolved": "https://registry.npmjs.org/btoa/-/btoa-1.1.1.tgz",
      "integrity": "sha1-J8gQYmMQjp3UH/L6qtKhcEXjXro="
    },
    "cookiejar": {
      "version": "1.3.1",
      "resolved": "https://registry.npmjs.org/cookiejar/-/cookiejar-1.3.1.tgz",
      "integrity": "sha1-wEsEj2iPgBYjrNkM1YSMK/iJGhc="
    },
    "deprecated-decorator": {
      "version": "0.1.6",
      "resolved": "https://registry.npmjs.org/deprecated-decorator/-/deprecated-decorator-0.1.6.tgz",
      "integrity": "sha1-AJZjF7ehL+kvPMgx91g68ym4bDc="
    },
    "graphql": {
      "version": "0.11.3",
      "resolved": "https://registry.npmjs.org/graphql/-/graphql-0.11.3.tgz",
      "integrity": "sha512-/WGU673BlQaCw3gDECmqL5+l8kg4Sm3XHvuzPtZLiI/y8Xm7fKq+C0mtJmAImuHJvTBsMtCuX/R9BUQqPm4tzw==",
      "requires": {
        "iterall": "1.1.1"
      }
    },
    "graphql-tools": {
      "version": "1.2.3",
      "resolved": "https://registry.npmjs.org/graphql-tools/-/graphql-tools-1.2.3.tgz",
      "integrity": "sha512-3inNK3rmk32G4hGWbqBuVNxusF+Mcuckg+3aD4hHaMxO0LrSgteWoTD8pTD9GUnmoSRG4AbYHZ0jibGD5MTlrQ==",
      "requires": {
        "@types/graphql": "0.9.4",
        "deprecated-decorator": "0.1.6",
        "uuid": "3.1.0"
      }
    },
    "iconv-lite": {
      "version": "0.4.18",
      "resolved": "https://registry.npmjs.org/iconv-lite/-/iconv-lite-0.4.18.tgz",
      "integrity": "sha512-sr1ZQph3UwHTR0XftSbK85OvBbxe/abLGzEnPENCQwmHf7sck8Oyu4ob3LgBxWWxRoM+QszeUyl7jbqapu2TqA=="
    },
    "iterall": {
      "version": "1.1.1",
      "resolved": "https://registry.npmjs.org/iterall/-/iterall-1.1.1.tgz",
      "integrity": "sha1-9/CvEemgTsZCYmD1AZ2fzKTVAhQ="
    },
    "options": {
      "version": "0.0.6",
      "resolved": "https://registry.npmjs.org/options/-/options-0.0.6.tgz",
      "integrity": "sha1-7CLTEoBrtT5zF3Pnza788cZDEo8="
    },
    "shred": {
      "version": "0.8.10",
      "resolved": "https://registry.npmjs.org/shred/-/shred-0.8.10.tgz",
      "integrity": "sha1-zxz+gPeb9TE9Ltw7kSJ4/RB6hxc=",
      "requires": {
        "ax": "0.1.8",
        "cookiejar": "1.3.1",
        "iconv-lite": "0.4.18",
        "sprintf": "0.1.1"
      }
    },
    "sprintf": {
      "version": "0.1.1",
      "resolved": "https://registry.npmjs.org/sprintf/-/sprintf-0.1.1.tgz",
      "integrity": "sha1-6JJfyYlOGqaJnpCRx/KhITC3DeU="
    },
    "swagger-client": {
      "version": "2.0.26",
      "resolved": "https://registry.npmjs.org/swagger-client/-/swagger-client-2.0.26.tgz",
      "integrity": "sha1-c/FQk/be82nzG5ZwxtlkWzMWPk0=",
      "requires": {
        "btoa": "1.1.1",
        "shred": "0.8.10"
      }
    },
    "ultron": {
      "version": "1.0.2",
      "resolved": "https://registry.npmjs.org/ultron/-/ultron-1.0.2.tgz",
      "integrity": "sha1-rOEWq1V80Zc4ak6I9GhTeMiy5Po="
    },
    "underscore": {
      "version": "1.8.3",
      "resolved": "https://registry.npmjs.org/underscore/-/underscore-1.8.3.tgz",
      "integrity": "sha1-Tz+1OxBuYJf8+ctBCfKl6b36UCI="
    },
    "uuid": {
      "version": "3.1.0",
      "resolved": "https://registry.npmjs.org/uuid/-/uuid-3.1.0.tgz",
      "integrity": "sha512-DIWtzUkw04M4k3bf1IcpS2tngXEL26YUD2M0tMDUpnUrz2hgzUBlD55a4FjdLGPvfHxS6uluGWvaVEqgBcVa+g=="
    },
    "ws": {
      "version": "1.1.4",
      "resolved": "https://registry.npmjs.org/ws/-/ws-1.1.4.tgz",
      "integrity": "sha1-V/QNA2gy5fUFVmKjl8Tedu1mv2E=",
      "requires": {
        "options": "0.0.6",
        "ultron": "1.0.2"
      }
    }
  }
}
